<?xml version="1.0" encoding="utf-8"?>
<Project ToolsVersion="4.0" xmlns="http://schemas.microsoft.com/developer/msbuild/2003">
  <ItemGroup>
    <Filter Include="utility">
      <UniqueIdentifier>{96e5e66c-1418-4ea1-8255-9b90d2f7a0cd}</UniqueIdentifier>
    </Filter>
    <Filter Include="memo">
      <UniqueIdentifier>{c3db7160-f8aa-4bca-8d32-d00396b88124}</UniqueIdentifier>
    </Filter>
  </ItemGroup>
  <ItemGroup>
    <ClCompile Include="utility\myPrint.cpp">
      <Filter>utility</Filter>
    </ClCompile>
  </ItemGroup>
  <ItemGroup>
    <ClInclude Include="utility\include\myPrint.h">
      <Filter>utility</Filter>
    </ClInclude>
  </ItemGroup>
  <ItemGroup>
    <Text Include="memo\TEXT-매크로에-관한.txt">
      <Filter>memo</Filter>
    </Text>
    <Text Include="memo\TODO.txt">
      <Filter>memo</Filter>
    </Text>
    <Text Include="memo\ALDO.txt">
      <Filter>memo</Filter>
    </Text>
    <Text Include="memo\함수-명명법.txt">
      <Filter>memo</Filter>
    </Text>
    <Text Include="memo\lParam과-wParam의-의미.txt">
      <Filter>memo</Filter>
    </Text>
    <Text Include="memo\DefWindowProc의-용법.txt">
      <Filter>memo</Filter>
    </Text>
    <Text Include="memo\선점형-멀티-태스킹.txt">
      <Filter>memo</Filter>
    </Text>
    <Text Include="memo\SetTimer함수-에러해결.txt">
      <Filter>memo</Filter>
    </Text>
    <Text Include="memo\WM_COMMAND.txt">
      <Filter>memo</Filter>
    </Text>
    <Text Include="memo\비트맵을-복사할-때-크기를-바꾸는-방법.txt">
      <Filter>memo</Filter>
    </Text>
  </ItemGroup>
</Project>