<?xml version="1.0" encoding="utf-8"?>
<Project ToolsVersion="4.0" xmlns="http://schemas.microsoft.com/developer/msbuild/2003">
  <ItemGroup>
    <Filter Include="utility">
      <UniqueIdentifier>{96e5e66c-1418-4ea1-8255-9b90d2f7a0cd}</UniqueIdentifier>
    </Filter>
    <Filter Include="src">
      <UniqueIdentifier>{4FC737F1-C7A5-4376-A066-2A32D752A2FF}</UniqueIdentifier>
      <Extensions>cpp;c;cc;cxx;c++;cppm;ixx;def;odl;idl;hpj;bat;asm;asmx</Extensions>
    </Filter>
    <Filter Include="memo">
      <UniqueIdentifier>{c3db7160-f8aa-4bca-8d32-d00396b88124}</UniqueIdentifier>
    </Filter>
  </ItemGroup>
  <ItemGroup>
    <ClCompile Include="utility\u_print.cpp">
      <Filter>utility</Filter>
    </ClCompile>
    <ClCompile Include="src\First.cpp">
      <Filter>src</Filter>
    </ClCompile>
    <ClCompile Include="src\TextOut.cpp">
      <Filter>src</Filter>
    </ClCompile>
    <ClCompile Include="src\DrawText.cpp">
      <Filter>src</Filter>
    </ClCompile>
    <ClCompile Include="함수-명명법.txt">
      <Filter>memo</Filter>
    </ClCompile>
  </ItemGroup>
  <ItemGroup>
    <ClInclude Include="utility\include\u_print.h">
      <Filter>utility</Filter>
    </ClInclude>
  </ItemGroup>
  <ItemGroup>
    <Text Include="memo\TEXT-매크로에-관한.txt">
      <Filter>memo</Filter>
    </Text>
    <Text Include="memo\TODO.txt">
      <Filter>memo</Filter>
    </Text>
    <Text Include="memo\ALDO.txt">
      <Filter>memo</Filter>
    </Text>
  </ItemGroup>
</Project>